
Microsoft Visual Studio Solution File, Format Version 12.00
# Visual Studio Version 17
VisualStudioVersion = 17.6.33815.320
MinimumVisualStudioVersion = 10.0.40219.1
Project("{FAE04EC0-301F-11D3-BF4B-00C04F79EFBC}") = "VineetPortfolio", "VineetPortfolio.csproj", "{6BB50183-17AD-4C7C-9319-8B2F5A95F3C6}"
EndProject
Global
	GlobalSection(SolutionConfigurationPlatforms) = preSolution
		Debug|Any CPU = Debug|Any CPU
		Release|Any CPU = Release|Any CPU
	EndGlobalSection
	GlobalSection(ProjectConfigurationPlatforms) = postSolution
		{6BB50183-17AD-4C7C-9319-8B2F5A95F3C6}.Debug|Any CPU.ActiveCfg = Debug|Any CPU
		{6BB50183-17AD-4C7C-9319-8B2F5A95F3C6}.Debug|Any CPU.Build.0 = Debug|Any CPU
		{6BB50183-17AD-4C7C-9319-8B2F5A95F3C6}.Release|Any CPU.ActiveCfg = Release|Any CPU
		{6BB50183-17AD-4C7C-9319-8B2F5A95F3C6}.Release|Any CPU.Build.0 = Release|Any CPU
	EndGlobalSection
	GlobalSection(SolutionProperties) = preSolution
		HideSolutionNode = FALSE
	EndGlobalSection
	GlobalSection(ExtensibilityGlobals) = postSolution
		SolutionGuid = {46D85EF8-A599-4991-988A-59E559E0F017}
	EndGlobalSection
EndGlobal
